
Microsoft Visual Studio Solution File, Format Version 12.00
# Visual Studio 14
VisualStudioVersion = 14.0.25420.1
MinimumVisualStudioVersion = 10.0.40219.1
Project("{FAE04EC0-301F-11D3-BF4B-00C04F79EFBC}") = "SistemaFinanceiro", "SistemaFinanceiro\SistemaFinanceiro.csproj", "{B69DA382-C62A-4409-9A44-BB1011171B69}"
EndProject
Project("{FAE04EC0-301F-11D3-BF4B-00C04F79EFBC}") = "Model.Neg", "Model.Neg\Model.Neg.csproj", "{4D79D5DB-F6B0-445F-8C38-A2A445EE9B6B}"
EndProject
Project("{FAE04EC0-301F-11D3-BF4B-00C04F79EFBC}") = "Model.Dao", "Model.Dao\Model.Dao.csproj", "{7AA6F64E-F0D5-4BBB-B9BA-B11806CB9647}"
EndProject
Project("{FAE04EC0-301F-11D3-BF4B-00C04F79EFBC}") = "Model.Entity", "Model.Entity\Model.Entity.csproj", "{6890B297-E89E-48F2-8947-9C23ED328B17}"
EndProject
Global
	GlobalSection(SolutionConfigurationPlatforms) = preSolution
		Debug|Any CPU = Debug|Any CPU
		Release|Any CPU = Release|Any CPU
	EndGlobalSection
	GlobalSection(ProjectConfigurationPlatforms) = postSolution
		{B69DA382-C62A-4409-9A44-BB1011171B69}.Debug|Any CPU.ActiveCfg = Debug|Any CPU
		{B69DA382-C62A-4409-9A44-BB1011171B69}.Debug|Any CPU.Build.0 = Debug|Any CPU
		{B69DA382-C62A-4409-9A44-BB1011171B69}.Release|Any CPU.ActiveCfg = Release|Any CPU
		{B69DA382-C62A-4409-9A44-BB1011171B69}.Release|Any CPU.Build.0 = Release|Any CPU
		{4D79D5DB-F6B0-445F-8C38-A2A445EE9B6B}.Debug|Any CPU.ActiveCfg = Debug|Any CPU
		{4D79D5DB-F6B0-445F-8C38-A2A445EE9B6B}.Debug|Any CPU.Build.0 = Debug|Any CPU
		{4D79D5DB-F6B0-445F-8C38-A2A445EE9B6B}.Release|Any CPU.ActiveCfg = Release|Any CPU
		{4D79D5DB-F6B0-445F-8C38-A2A445EE9B6B}.Release|Any CPU.Build.0 = Release|Any CPU
		{7AA6F64E-F0D5-4BBB-B9BA-B11806CB9647}.Debug|Any CPU.ActiveCfg = Debug|Any CPU
		{7AA6F64E-F0D5-4BBB-B9BA-B11806CB9647}.Debug|Any CPU.Build.0 = Debug|Any CPU
		{7AA6F64E-F0D5-4BBB-B9BA-B11806CB9647}.Release|Any CPU.ActiveCfg = Release|Any CPU
		{7AA6F64E-F0D5-4BBB-B9BA-B11806CB9647}.Release|Any CPU.Build.0 = Release|Any CPU
		{6890B297-E89E-48F2-8947-9C23ED328B17}.Debug|Any CPU.ActiveCfg = Debug|Any CPU
		{6890B297-E89E-48F2-8947-9C23ED328B17}.Debug|Any CPU.Build.0 = Debug|Any CPU
		{6890B297-E89E-48F2-8947-9C23ED328B17}.Release|Any CPU.ActiveCfg = Release|Any CPU
		{6890B297-E89E-48F2-8947-9C23ED328B17}.Release|Any CPU.Build.0 = Release|Any CPU
	EndGlobalSection
	GlobalSection(SolutionProperties) = preSolution
		HideSolutionNode = FALSE
	EndGlobalSection
EndGlobal
